// !$*UTF8*$!
{
	archiveVersion = 1;
	classes = {
	};
	objectVersion = 46;
	objects = {

/* Begin PBXBuildFile section */
		41913D461D8CA44E003018C2 /* AppDelegate.swift in Sources */ = {isa = PBXBuildFile; fileRef = 41913D451D8CA44E003018C2 /* AppDelegate.swift */; };
		41913D481D8CA44E003018C2 /* ViewController.swift in Sources */ = {isa = PBXBuildFile; fileRef = 41913D471D8CA44E003018C2 /* ViewController.swift */; };
		41913D4B1D8CA44E003018C2 /* Main.storyboard in Resources */ = {isa = PBXBuildFile; fileRef = 41913D491D8CA44E003018C2 /* Main.storyboard */; };
		41913D4D1D8CA44E003018C2 /* Assets.xcassets in Resources */ = {isa = PBXBuildFile; fileRef = 41913D4C1D8CA44E003018C2 /* Assets.xcassets */; };
		41913D501D8CA44E003018C2 /* LaunchScreen.storyboard in Resources */ = {isa = PBXBuildFile; fileRef = 41913D4E1D8CA44E003018C2 /* LaunchScreen.storyboard */; };
		41913D581D8CA5AD003018C2 /* Skinnable.swift in Sources */ = {isa = PBXBuildFile; fileRef = 41913D571D8CA5AD003018C2 /* Skinnable.swift */; };
		41913D5A1D8CA60B003018C2 /* UIColorExtension.swift in Sources */ = {isa = PBXBuildFile; fileRef = 41913D591D8CA60B003018C2 /* UIColorExtension.swift */; };
		41913D5C1D8CBAA9003018C2 /* Animatable.swift in Sources */ = {isa = PBXBuildFile; fileRef = 41913D5B1D8CBAA9003018C2 /* Animatable.swift */; };
/* End PBXBuildFile section */

/* Begin PBXFileReference section */
		41913D421D8CA44E003018C2 /* ViewAnimator.app */ = {isa = PBXFileReference; explicitFileType = wrapper.application; includeInIndex = 0; path = ViewAnimator.app; sourceTree = BUILT_PRODUCTS_DIR; };
		41913D451D8CA44E003018C2 /* AppDelegate.swift */ = {isa = PBXFileReference; lastKnownFileType = sourcecode.swift; path = AppDelegate.swift; sourceTree = "<group>"; };
		41913D471D8CA44E003018C2 /* ViewController.swift */ = {isa = PBXFileReference; lastKnownFileType = sourcecode.swift; path = ViewController.swift; sourceTree = "<group>"; };
		41913D4A1D8CA44E003018C2 /* Base */ = {isa = PBXFileReference; lastKnownFileType = file.storyboard; name = Base; path = Base.lproj/Main.storyboard; sourceTree = "<group>"; };
		41913D4C1D8CA44E003018C2 /* Assets.xcassets */ = {isa = PBXFileReference; lastKnownFileType = folder.assetcatalog; path = Assets.xcassets; sourceTree = "<group>"; };
		41913D4F1D8CA44E003018C2 /* Base */ = {isa = PBXFileReference; lastKnownFileType = file.storyboard; name = Base; path = Base.lproj/LaunchScreen.storyboard; sourceTree = "<group>"; };
		41913D511D8CA44E003018C2 /* Info.plist */ = {isa = PBXFileReference; lastKnownFileType = text.plist.xml; path = Info.plist; sourceTree = "<group>"; };
		41913D571D8CA5AD003018C2 /* Skinnable.swift */ = {isa = PBXFileReference; fileEncoding = 4; lastKnownFileType = sourcecode.swift; path = Skinnable.swift; sourceTree = "<group>"; };
		41913D591D8CA60B003018C2 /* UIColorExtension.swift */ = {isa = PBXFileReference; fileEncoding = 4; lastKnownFileType = sourcecode.swift; path = UIColorExtension.swift; sourceTree = "<group>"; };
		41913D5B1D8CBAA9003018C2 /* Animatable.swift */ = {isa = PBXFileReference; fileEncoding = 4; lastKnownFileType = sourcecode.swift; path = Animatable.swift; sourceTree = "<group>"; };
/* End PBXFileReference section */

/* Begin PBXFrameworksBuildPhase section */
		41913D3F1D8CA44E003018C2 /* Frameworks */ = {
			isa = PBXFrameworksBuildPhase;
			buildActionMask = 2147483647;
			files = (
			);
			runOnlyForDeploymentPostprocessing = 0;
		};
/* End PBXFrameworksBuildPhase section */

/* Begin PBXGroup section */
		41913D391D8CA44D003018C2 = {
			isa = PBXGroup;
			children = (
				41913D441D8CA44E003018C2 /* ViewAnimator */,
				41913D431D8CA44E003018C2 /* Products */,
			);
			sourceTree = "<group>";
		};
		41913D431D8CA44E003018C2 /* Products */ = {
			isa = PBXGroup;
			children = (
				41913D421D8CA44E003018C2 /* ViewAnimator.app */,
			);
			name = Products;
			sourceTree = "<group>";
		};
		41913D441D8CA44E003018C2 /* ViewAnimator */ = {
			isa = PBXGroup;
			children = (
				41913D451D8CA44E003018C2 /* AppDelegate.swift */,
				41913D471D8CA44E003018C2 /* ViewController.swift */,
				41913D491D8CA44E003018C2 /* Main.storyboard */,
				41913D571D8CA5AD003018C2 /* Skinnable.swift */,
				41913D591D8CA60B003018C2 /* UIColorExtension.swift */,
				41913D4C1D8CA44E003018C2 /* Assets.xcassets */,
				41913D4E1D8CA44E003018C2 /* LaunchScreen.storyboard */,
				41913D511D8CA44E003018C2 /* Info.plist */,
				41913D5B1D8CBAA9003018C2 /* Animatable.swift */,
			);
			path = ViewAnimator;
			sourceTree = "<group>";
		};
/* End PBXGroup section */

/* Begin PBXNativeTarget section */
		41913D411D8CA44E003018C2 /* ViewAnimator */ = {
			isa = PBXNativeTarget;
			buildConfigurationList = 41913D541D8CA44E003018C2 /* Build configuration list for PBXNativeTarget "ViewAnimator" */;
			buildPhases = (
				41913D3E1D8CA44E003018C2 /* Sources */,
				41913D3F1D8CA44E003018C2 /* Frameworks */,
				41913D401D8CA44E003018C2 /* Resources */,
			);
			buildRules = (
			);
			dependencies = (
			);
			name = ViewAnimator;
			productName = ViewAnimator;
			productReference = 41913D421D8CA44E003018C2 /* ViewAnimator.app */;
			productType = "com.apple.product-type.application";
		};
/* End PBXNativeTarget section */

/* Begin PBXProject section */
		41913D3A1D8CA44D003018C2 /* Project object */ = {
			isa = PBXProject;
			attributes = {
				LastSwiftUpdateCheck = 0730;
				LastUpgradeCheck = 0730;
				ORGANIZATIONNAME = "Javier Loucim";
				TargetAttributes = {
					41913D411D8CA44E003018C2 = {
						CreatedOnToolsVersion = 7.3.1;
					};
				};
			};
			buildConfigurationList = 41913D3D1D8CA44D003018C2 /* Build configuration list for PBXProject "ViewAnimator" */;
			compatibilityVersion = "Xcode 3.2";
			developmentRegion = English;
			hasScannedForEncodings = 0;
			knownRegions = (
				en,
				Base,
			);
			mainGroup = 41913D391D8CA44D003018C2;
			productRefGroup = 41913D431D8CA44E003018C2 /* Products */;
			projectDirPath = "";
			projectRoot = "";
			targets = (
				41913D411D8CA44E003018C2 /* ViewAnimator */,
			);
		};
/* End PBXProject section */

/* Begin PBXResourcesBuildPhase section */
		41913D401D8CA44E003018C2 /* Resources */ = {
			isa = PBXResourcesBuildPhase;
			buildActionMask = 2147483647;
			files = (
				41913D501D8CA44E003018C2 /* LaunchScreen.storyboard in Resources */,
				41913D4D1D8CA44E003018C2 /* Assets.xcassets in Resources */,
				41913D4B1D8CA44E003018C2 /* Main.storyboard in Resources */,
			);
			runOnlyForDeploymentPostprocessing = 0;
		};
/* End PBXResourcesBuildPhase section */

/* Begin PBXSourcesBuildPhase section */
		41913D3E1D8CA44E003018C2 /* Sources */ = {
			isa = PBXSourcesBuildPhase;
			buildActionMask = 2147483647;
			files = (
				41913D481D8CA44E003018C2 /* ViewController.swift in Sources */,
				41913D581D8CA5AD003018C2 /* Skinnable.swift in Sources */,
				41913D461D8CA44E003018C2 /* AppDelegate.swift in Sources */,
				41913D5A1D8CA60B003018C2 /* UIColorExtension.swift in Sources */,
				41913D5C1D8CBAA9003018C2 /* Animatable.swift in Sources */,
			);
			runOnlyForDeploymentPostprocessing = 0;
		};
/* End PBXSourcesBuildPhase section */

/* Begin PBXVariantGroup section */
		41913D491D8CA44E003018C2 /* Main.storyboard */ = {
			isa = PBXVariantGroup;
			children = (
				41913D4A1D8CA44E003018C2 /* Base */,
			);
			name = Main.storyboard;
			sourceTree = "<group>";
		};
		41913D4E1D8CA44E003018C2 /* LaunchScreen.storyboard */ = {
			isa = PBXVariantGroup;
			children = (
				41913D4F1D8CA44E003018C2 /* Base */,
			);
			name = LaunchScreen.storyboard;
			sourceTree = "<group>";
		};
/* End PBXVariantGroup section */

/* Begin XCBuildConfiguration section */
		41913D521D8CA44E003018C2 /* Debug */ = {
			isa = XCBuildConfiguration;
			buildSettings = {
				ALWAYS_SEARCH_USER_PATHS = NO;
				CLANG_ANALYZER_NONNULL = YES;
				CLANG_CXX_LANGUAGE_STANDARD = "gnu++0x";
				CLANG_CXX_LIBRARY = "libc++";
				CLANG_ENABLE_MODULES = YES;
				CLANG_ENABLE_OBJC_ARC = YES;
				CLANG_WARN_BOOL_CONVERSION = YES;
				CLANG_WARN_CONSTANT_CONVERSION = YES;
				CLANG_WARN_DIRECT_OBJC_ISA_USAGE = YES_ERROR;
				CLANG_WARN_EMPTY_BODY = YES;
				CLANG_WARN_ENUM_CONVERSION = YES;
				CLANG_WARN_INT_CONVERSION = YES;
				CLANG_WARN_OBJC_ROOT_CLASS = YES_ERROR;
				CLANG_WARN_UNREACHABLE_CODE = YES;
				CLANG_WARN__DUPLICATE_METHOD_MATCH = YES;
				"CODE_SIGN_IDENTITY[sdk=iphoneos*]" = "iPhone Developer";
				COPY_PHASE_STRIP = NO;
				DEBUG_INFORMATION_FORMAT = dwarf;
				ENABLE_STRICT_OBJC_MSGSEND = YES;
				ENABLE_TESTABILITY = YES;
				GCC_C_LANGUAGE_STANDARD = gnu99;
				GCC_DYNAMIC_NO_PIC = NO;
				GCC_NO_COMMON_BLOCKS = YES;
				GCC_OPTIMIZATION_LEVEL = 0;
				GCC_PREPROCESSOR_DEFINITIONS = (
					"DEBUG=1",
					"$(inherited)",
				);
				GCC_WARN_64_TO_32_BIT_CONVERSION = YES;
				GCC_WARN_ABOUT_RETURN_TYPE = YES_ERROR;
				GCC_WARN_UNDECLARED_SELECTOR = YES;
				GCC_WARN_UNINITIALIZED_AUTOS = YES_AGGRESSIVE;
				GCC_WARN_UNUSED_FUNCTION = YES;
				GCC_WARN_UNUSED_VARIABLE = YES;
				IPHONEOS_DEPLOYMENT_TARGET = 9.3;
				MTL_ENABLE_DEBUG_INFO = YES;
				ONLY_ACTIVE_ARCH = YES;
				SDKROOT = iphoneos;
				SWIFT_OPTIMIZATION_LEVEL = "-Onone";
			};
			name = Debug;
		};
		41913D531D8CA44E003018C2 /* Release */ = {
			isa = XCBuildConfiguration;
			buildSettings = {
				ALWAYS_SEARCH_USER_PATHS = NO;
				CLANG_ANALYZER_NONNULL = YES;
				CLANG_CXX_LANGUAGE_STANDARD = "gnu++0x";
				CLANG_CXX_LIBRARY = "libc++";
				CLANG_ENABLE_MODULES = YES;
				CLANG_ENABLE_OBJC_ARC = YES;
				CLANG_WARN_BOOL_CONVERSION = YES;
				CLANG_WARN_CONSTANT_CONVERSION = YES;
				CLANG_WARN_DIRECT_OBJC_ISA_USAGE = YES_ERROR;
				CLANG_WARN_EMPTY_BODY = YES;
				CLANG_WARN_ENUM_CONVERSION = YES;
				CLANG_WARN_INT_CONVERSION = YES;
				CLANG_WARN_OBJC_ROOT_CLASS = YES_ERROR;
				CLANG_WARN_UNREACHABLE_CODE = YES;
				CLANG_WARN__DUPLICATE_METHOD_MATCH = YES;
				"CODE_SIGN_IDENTITY[sdk=iphoneos*]" = "iPhone Developer";
				COPY_PHASE_STRIP = NO;
				DEBUG_INFORMATION_FORMAT = "dwarf-with-dsym";
				ENABLE_NS_ASSERTIONS = NO;
				ENABLE_STRICT_OBJC_MSGSEND = YES;
				GCC_C_LANGUAGE_STANDARD = gnu99;
				GCC_NO_COMMON_BLOCKS = YES;
				GCC_WARN_64_TO_32_BIT_CONVERSION = YES;
				GCC_WARN_ABOUT_RETURN_TYPE = YES_ERROR;
				GCC_WARN_UNDECLARED_SELECTOR = YES;
				GCC_WARN_UNINITIALIZED_AUTOS = YES_AGGRESSIVE;
				GCC_WARN_UNUSED_FUNCTION = YES;
				GCC_WARN_UNUSED_VARIABLE = YES;
				IPHONEOS_DEPLOYMENT_TARGET = 9.3;
				MTL_ENABLE_DEBUG_INFO = NO;
				SDKROOT = iphoneos;
				VALIDATE_PRODUCT = YES;
			};
			name = Release;
		};
		41913D551D8CA44E003018C2 /* Debug */ = {
			isa = XCBuildConfiguration;
			buildSettings = {
				ASSETCATALOG_COMPILER_APPICON_NAME = AppIcon;
				INFOPLIST_FILE = ViewAnimator/Info.plist;
				LD_RUNPATH_SEARCH_PATHS = "$(inherited) @executable_path/Frameworks";
				PRODUCT_BUNDLE_IDENTIFIER = com.globant.sop.ViewAnimator;
				PRODUCT_NAME = "$(TARGET_NAME)";
			};
			name = Debug;
		};
		41913D561D8CA44E003018C2 /* Release */ = {
			isa = XCBuildConfiguration;
			buildSettings = {
				ASSETCATALOG_COMPILER_APPICON_NAME = AppIcon;
				INFOPLIST_FILE = ViewAnimator/Info.plist;
				LD_RUNPATH_SEARCH_PATHS = "$(inherited) @executable_path/Frameworks";
				PRODUCT_BUNDLE_IDENTIFIER = com.globant.sop.ViewAnimator;
				PRODUCT_NAME = "$(TARGET_NAME)";
			};
			name = Release;
		};
/* End XCBuildConfiguration section */

/* Begin XCConfigurationList section */
		41913D3D1D8CA44D003018C2 /* Build configuration list for PBXProject "ViewAnimator" */ = {
			isa = XCConfigurationList;
			buildConfigurations = (
				41913D521D8CA44E003018C2 /* Debug */,
				41913D531D8CA44E003018C2 /* Release */,
			);
			defaultConfigurationIsVisible = 0;
			defaultConfigurationName = Release;
		};
		41913D541D8CA44E003018C2 /* Build configuration list for PBXNativeTarget "ViewAnimator" */ = {
			isa = XCConfigurationList;
			buildConfigurations = (
				41913D551D8CA44E003018C2 /* Debug */,
				41913D561D8CA44E003018C2 /* Release */,
			);
			defaultConfigurationIsVisible = 0;
		};
/* End XCConfigurationList section */
	};
	rootObject = 41913D3A1D8CA44D003018C2 /* Project object */;
}
